
Microsoft Visual Studio Solution File, Format Version 12.00
# Visual Studio Version 17
VisualStudioVersion = 17.12.35506.116 d17.12
MinimumVisualStudioVersion = 10.0.40219.1
Project("{FAE04EC0-301F-11D3-BF4B-00C04F79EFBC}") = "FleetManager.Logic", "FleetManager.Logic\FleetManager.Logic.csproj", "{869CDF9C-5FC9-4E49-A81B-7333DEA05376}"
EndProject
Project("{FAE04EC0-301F-11D3-BF4B-00C04F79EFBC}") = "FleetManager.ConApp", "FleetManager.ConApp\FleetManager.ConApp.csproj", "{3D18F203-B4C9-4BEC-AA20-92787DAE12A2}"
EndProject
Project("{2150E333-8FDC-42A3-9474-1A3956D46DE8}") = "Solution Items", "Solution Items", "{6D186BE6-3793-4BA7-80F4-8CD30D5AFDB5}"
	ProjectSection(SolutionItems) = preProject
		README.md = README.md
	EndProjectSection
EndProject
Project("{FAE04EC0-301F-11D3-BF4B-00C04F79EFBC}") = "FleetManager.UnitTest", "FleetManager.UnitTest\FleetManager.UnitTest.csproj", "{F3E3A346-88EF-446E-8B8D-5A56AA68661D}"
EndProject
Global
	GlobalSection(SolutionConfigurationPlatforms) = preSolution
		Debug|Any CPU = Debug|Any CPU
		Release|Any CPU = Release|Any CPU
	EndGlobalSection
	GlobalSection(ProjectConfigurationPlatforms) = postSolution
		{869CDF9C-5FC9-4E49-A81B-7333DEA05376}.Debug|Any CPU.ActiveCfg = Debug|Any CPU
		{869CDF9C-5FC9-4E49-A81B-7333DEA05376}.Debug|Any CPU.Build.0 = Debug|Any CPU
		{869CDF9C-5FC9-4E49-A81B-7333DEA05376}.Release|Any CPU.ActiveCfg = Release|Any CPU
		{869CDF9C-5FC9-4E49-A81B-7333DEA05376}.Release|Any CPU.Build.0 = Release|Any CPU
		{3D18F203-B4C9-4BEC-AA20-92787DAE12A2}.Debug|Any CPU.ActiveCfg = Debug|Any CPU
		{3D18F203-B4C9-4BEC-AA20-92787DAE12A2}.Debug|Any CPU.Build.0 = Debug|Any CPU
		{3D18F203-B4C9-4BEC-AA20-92787DAE12A2}.Release|Any CPU.ActiveCfg = Release|Any CPU
		{3D18F203-B4C9-4BEC-AA20-92787DAE12A2}.Release|Any CPU.Build.0 = Release|Any CPU
		{F3E3A346-88EF-446E-8B8D-5A56AA68661D}.Debug|Any CPU.ActiveCfg = Debug|Any CPU
		{F3E3A346-88EF-446E-8B8D-5A56AA68661D}.Debug|Any CPU.Build.0 = Debug|Any CPU
		{F3E3A346-88EF-446E-8B8D-5A56AA68661D}.Release|Any CPU.ActiveCfg = Release|Any CPU
		{F3E3A346-88EF-446E-8B8D-5A56AA68661D}.Release|Any CPU.Build.0 = Release|Any CPU
	EndGlobalSection
	GlobalSection(SolutionProperties) = preSolution
		HideSolutionNode = FALSE
	EndGlobalSection
EndGlobal
